
Microsoft Visual Studio Solution File, Format Version 12.00
# Visual Studio Version 17
VisualStudioVersion = 17.3.32901.215
MinimumVisualStudioVersion = 10.0.40219.1
Project("{FAE04EC0-301F-11D3-BF4B-00C04F79EFBC}") = "WebApi.VH", "WebApi.VH\WebApi.VH.csproj", "{440BF6EE-8DC4-40C7-9A15-8BA28FA75BE8}"
EndProject
Global
	GlobalSection(SolutionConfigurationPlatforms) = preSolution
		Debug|Any CPU = Debug|Any CPU
		Release|Any CPU = Release|Any CPU
	EndGlobalSection
	GlobalSection(ProjectConfigurationPlatforms) = postSolution
		{440BF6EE-8DC4-40C7-9A15-8BA28FA75BE8}.Debug|Any CPU.ActiveCfg = Debug|Any CPU
		{440BF6EE-8DC4-40C7-9A15-8BA28FA75BE8}.Debug|Any CPU.Build.0 = Debug|Any CPU
		{440BF6EE-8DC4-40C7-9A15-8BA28FA75BE8}.Release|Any CPU.ActiveCfg = Release|Any CPU
		{440BF6EE-8DC4-40C7-9A15-8BA28FA75BE8}.Release|Any CPU.Build.0 = Release|Any CPU
	EndGlobalSection
	GlobalSection(SolutionProperties) = preSolution
		HideSolutionNode = FALSE
	EndGlobalSection
	GlobalSection(ExtensibilityGlobals) = postSolution
		SolutionGuid = {E76FA022-B09F-42CF-A71F-480B076B3CB7}
	EndGlobalSection
EndGlobal
